
Microsoft Visual Studio Solution File, Format Version 12.00
# Visual Studio Version 16
VisualStudioVersion = 16.0.31019.35
MinimumVisualStudioVersion = 10.0.40219.1
Project("{FAE04EC0-301F-11D3-BF4B-00C04F79EFBC}") = "Domain", "Domain\Domain.csproj", "{B6BA8D60-8633-4716-A12E-CA9770049203}"
EndProject
Project("{FAE04EC0-301F-11D3-BF4B-00C04F79EFBC}") = "Infra", "Infra\Infra.csproj", "{3A7E3B03-0A46-4DED-93BC-6697E6C5ADBD}"
EndProject
Project("{FAE04EC0-301F-11D3-BF4B-00C04F79EFBC}") = "WebAPI", "WebAPI\WebAPI.csproj", "{0A458810-3797-4491-A966-73307226AB6D}"
EndProject
Global
	GlobalSection(SolutionConfigurationPlatforms) = preSolution
		Debug|Any CPU = Debug|Any CPU
		Release|Any CPU = Release|Any CPU
	EndGlobalSection
	GlobalSection(ProjectConfigurationPlatforms) = postSolution
		{B6BA8D60-8633-4716-A12E-CA9770049203}.Debug|Any CPU.ActiveCfg = Debug|Any CPU
		{B6BA8D60-8633-4716-A12E-CA9770049203}.Debug|Any CPU.Build.0 = Debug|Any CPU
		{B6BA8D60-8633-4716-A12E-CA9770049203}.Release|Any CPU.ActiveCfg = Release|Any CPU
		{B6BA8D60-8633-4716-A12E-CA9770049203}.Release|Any CPU.Build.0 = Release|Any CPU
		{3A7E3B03-0A46-4DED-93BC-6697E6C5ADBD}.Debug|Any CPU.ActiveCfg = Debug|Any CPU
		{3A7E3B03-0A46-4DED-93BC-6697E6C5ADBD}.Debug|Any CPU.Build.0 = Debug|Any CPU
		{3A7E3B03-0A46-4DED-93BC-6697E6C5ADBD}.Release|Any CPU.ActiveCfg = Release|Any CPU
		{3A7E3B03-0A46-4DED-93BC-6697E6C5ADBD}.Release|Any CPU.Build.0 = Release|Any CPU
		{0A458810-3797-4491-A966-73307226AB6D}.Debug|Any CPU.ActiveCfg = Debug|Any CPU
		{0A458810-3797-4491-A966-73307226AB6D}.Debug|Any CPU.Build.0 = Debug|Any CPU
		{0A458810-3797-4491-A966-73307226AB6D}.Release|Any CPU.ActiveCfg = Release|Any CPU
		{0A458810-3797-4491-A966-73307226AB6D}.Release|Any CPU.Build.0 = Release|Any CPU
	EndGlobalSection
	GlobalSection(SolutionProperties) = preSolution
		HideSolutionNode = FALSE
	EndGlobalSection
	GlobalSection(ExtensibilityGlobals) = postSolution
		SolutionGuid = {7893F91E-3AAA-464C-9D20-36F4BE3E6697}
	EndGlobalSection
EndGlobal
